
Microsoft Visual Studio Solution File, Format Version 12.00
# Visual Studio 2013
VisualStudioVersion = 12.0.30723.0
MinimumVisualStudioVersion = 10.0.40219.1
Project("{FAE04EC0-301F-11D3-BF4B-00C04F79EFBC}") = "Woodbase.MatchGame.Core", "Woodbase.MatchGame.Core\Woodbase.MatchGame.Core.csproj", "{2C940D77-8C9E-4ABC-8B2F-E6F66B27D523}"
EndProject
Project("{FAE04EC0-301F-11D3-BF4B-00C04F79EFBC}") = "Woodbase.MathGame.Web", "Woodbase.MathGame.Web\Woodbase.MathGame.Web.csproj", "{79C9B7D9-CFB0-4AEB-A32A-49D3A536F77C}"
EndProject
Global
	GlobalSection(SolutionConfigurationPlatforms) = preSolution
		Debug|Any CPU = Debug|Any CPU
		Release|Any CPU = Release|Any CPU
	EndGlobalSection
	GlobalSection(ProjectConfigurationPlatforms) = postSolution
		{2C940D77-8C9E-4ABC-8B2F-E6F66B27D523}.Debug|Any CPU.ActiveCfg = Debug|Any CPU
		{2C940D77-8C9E-4ABC-8B2F-E6F66B27D523}.Debug|Any CPU.Build.0 = Debug|Any CPU
		{2C940D77-8C9E-4ABC-8B2F-E6F66B27D523}.Release|Any CPU.ActiveCfg = Release|Any CPU
		{2C940D77-8C9E-4ABC-8B2F-E6F66B27D523}.Release|Any CPU.Build.0 = Release|Any CPU
		{79C9B7D9-CFB0-4AEB-A32A-49D3A536F77C}.Debug|Any CPU.ActiveCfg = Debug|Any CPU
		{79C9B7D9-CFB0-4AEB-A32A-49D3A536F77C}.Debug|Any CPU.Build.0 = Debug|Any CPU
		{79C9B7D9-CFB0-4AEB-A32A-49D3A536F77C}.Release|Any CPU.ActiveCfg = Release|Any CPU
		{79C9B7D9-CFB0-4AEB-A32A-49D3A536F77C}.Release|Any CPU.Build.0 = Release|Any CPU
	EndGlobalSection
	GlobalSection(SolutionProperties) = preSolution
		HideSolutionNode = FALSE
	EndGlobalSection
EndGlobal
